// !$*UTF8*$!
{
	archiveVersion = 1;
	classes = {
	};
	objectVersion = 55;
	objects = {

/* Begin PBXBuildFile section */
		CE064C8F2775FCC000591F43 /* Validator.swift in Sources */ = {isa = PBXBuildFile; fileRef = CE064C8E2775FCC000591F43 /* Validator.swift */; };
		CE2767C32779F1E70009C45C /* LoginNavigationController.swift in Sources */ = {isa = PBXBuildFile; fileRef = CE2767C22779F1E70009C45C /* LoginNavigationController.swift */; };
		CE2767C52779FE8F0009C45C /* AutorizedNavigationController.swift in Sources */ = {isa = PBXBuildFile; fileRef = CE2767C42779FE8F0009C45C /* AutorizedNavigationController.swift */; };
		CE3C4DFE277A4F13009D8D0A /* MainListViewController.swift in Sources */ = {isa = PBXBuildFile; fileRef = CE3C4DFD277A4F13009D8D0A /* MainListViewController.swift */; };
		CE72138C27736F7400BE19B4 /* UserService.swift in Sources */ = {isa = PBXBuildFile; fileRef = CE72138B27736F7400BE19B4 /* UserService.swift */; };
		CE8162EB2770C925001FFA07 /* SignInViewController.swift in Sources */ = {isa = PBXBuildFile; fileRef = CE8162EA2770C925001FFA07 /* SignInViewController.swift */; };
		CE8162ED2770C9B2001FFA07 /* SignUpViewController.swift in Sources */ = {isa = PBXBuildFile; fileRef = CE8162EC2770C9B2001FFA07 /* SignUpViewController.swift */; };
		CE879C922773D60C00A7E1B9 /* SQLite in Frameworks */ = {isa = PBXBuildFile; productRef = CE879C912773D60C00A7E1B9 /* SQLite */; };
		CE879C942773D69700A7E1B9 /* SQLManager.swift in Sources */ = {isa = PBXBuildFile; fileRef = CE879C932773D69700A7E1B9 /* SQLManager.swift */; };
		CEB91AA9276DF22F00D7ECDA /* AppDelegate.swift in Sources */ = {isa = PBXBuildFile; fileRef = CEB91AA8276DF22F00D7ECDA /* AppDelegate.swift */; };
		CEB91AAB276DF22F00D7ECDA /* SceneDelegate.swift in Sources */ = {isa = PBXBuildFile; fileRef = CEB91AAA276DF22F00D7ECDA /* SceneDelegate.swift */; };
		CEB91AAD276DF22F00D7ECDA /* ViewController.swift in Sources */ = {isa = PBXBuildFile; fileRef = CEB91AAC276DF22F00D7ECDA /* ViewController.swift */; };
		CEB91AB0276DF22F00D7ECDA /* Main.storyboard in Resources */ = {isa = PBXBuildFile; fileRef = CEB91AAE276DF22F00D7ECDA /* Main.storyboard */; };
		CEB91AB2276DF23000D7ECDA /* Assets.xcassets in Resources */ = {isa = PBXBuildFile; fileRef = CEB91AB1276DF23000D7ECDA /* Assets.xcassets */; };
		CEB91AB5276DF23000D7ECDA /* LaunchScreen.storyboard in Resources */ = {isa = PBXBuildFile; fileRef = CEB91AB3276DF23000D7ECDA /* LaunchScreen.storyboard */; };
		CEC976E22770703300F4269D /* UserModel.swift in Sources */ = {isa = PBXBuildFile; fileRef = CEC976E12770703300F4269D /* UserModel.swift */; };
		CEC976E92770729B00F4269D /* ProfileModel.swift in Sources */ = {isa = PBXBuildFile; fileRef = CEC976E82770729B00F4269D /* ProfileModel.swift */; };
		CEE7E465277B360900DA6E5D /* AddEditProfileViewController.swift in Sources */ = {isa = PBXBuildFile; fileRef = CEE7E464277B360900DA6E5D /* AddEditProfileViewController.swift */; };
		CEE7E467277B3A1C00DA6E5D /* ProfileService.swift in Sources */ = {isa = PBXBuildFile; fileRef = CEE7E466277B3A1C00DA6E5D /* ProfileService.swift */; };
/* End PBXBuildFile section */

/* Begin PBXFileReference section */
		CE064C8E2775FCC000591F43 /* Validator.swift */ = {isa = PBXFileReference; lastKnownFileType = sourcecode.swift; path = Validator.swift; sourceTree = "<group>"; };
		CE2767C22779F1E70009C45C /* LoginNavigationController.swift */ = {isa = PBXFileReference; lastKnownFileType = sourcecode.swift; path = LoginNavigationController.swift; sourceTree = "<group>"; };
		CE2767C42779FE8F0009C45C /* AutorizedNavigationController.swift */ = {isa = PBXFileReference; lastKnownFileType = sourcecode.swift; path = AutorizedNavigationController.swift; sourceTree = "<group>"; };
		CE3C4DFD277A4F13009D8D0A /* MainListViewController.swift */ = {isa = PBXFileReference; lastKnownFileType = sourcecode.swift; path = MainListViewController.swift; sourceTree = "<group>"; };
		CE72138B27736F7400BE19B4 /* UserService.swift */ = {isa = PBXFileReference; lastKnownFileType = sourcecode.swift; path = UserService.swift; sourceTree = "<group>"; };
		CE8162EA2770C925001FFA07 /* SignInViewController.swift */ = {isa = PBXFileReference; lastKnownFileType = sourcecode.swift; path = SignInViewController.swift; sourceTree = "<group>"; };
		CE8162EC2770C9B2001FFA07 /* SignUpViewController.swift */ = {isa = PBXFileReference; lastKnownFileType = sourcecode.swift; path = SignUpViewController.swift; sourceTree = "<group>"; };
		CE879C932773D69700A7E1B9 /* SQLManager.swift */ = {isa = PBXFileReference; lastKnownFileType = sourcecode.swift; path = SQLManager.swift; sourceTree = "<group>"; };
		CEB91AA5276DF22F00D7ECDA /* ProfileBook.app */ = {isa = PBXFileReference; explicitFileType = wrapper.application; includeInIndex = 0; path = ProfileBook.app; sourceTree = BUILT_PRODUCTS_DIR; };
		CEB91AA8276DF22F00D7ECDA /* AppDelegate.swift */ = {isa = PBXFileReference; lastKnownFileType = sourcecode.swift; path = AppDelegate.swift; sourceTree = "<group>"; };
		CEB91AAA276DF22F00D7ECDA /* SceneDelegate.swift */ = {isa = PBXFileReference; lastKnownFileType = sourcecode.swift; path = SceneDelegate.swift; sourceTree = "<group>"; };
		CEB91AAC276DF22F00D7ECDA /* ViewController.swift */ = {isa = PBXFileReference; lastKnownFileType = sourcecode.swift; path = ViewController.swift; sourceTree = "<group>"; };
		CEB91AAF276DF22F00D7ECDA /* Base */ = {isa = PBXFileReference; lastKnownFileType = file.storyboard; name = Base; path = Base.lproj/Main.storyboard; sourceTree = "<group>"; };
		CEB91AB1276DF23000D7ECDA /* Assets.xcassets */ = {isa = PBXFileReference; lastKnownFileType = folder.assetcatalog; path = Assets.xcassets; sourceTree = "<group>"; };
		CEB91AB4276DF23000D7ECDA /* Base */ = {isa = PBXFileReference; lastKnownFileType = file.storyboard; name = Base; path = Base.lproj/LaunchScreen.storyboard; sourceTree = "<group>"; };
		CEB91AB6276DF23000D7ECDA /* Info.plist */ = {isa = PBXFileReference; lastKnownFileType = text.plist.xml; path = Info.plist; sourceTree = "<group>"; };
		CEC976E12770703300F4269D /* UserModel.swift */ = {isa = PBXFileReference; lastKnownFileType = sourcecode.swift; path = UserModel.swift; sourceTree = "<group>"; };
		CEC976E82770729B00F4269D /* ProfileModel.swift */ = {isa = PBXFileReference; lastKnownFileType = sourcecode.swift; path = ProfileModel.swift; sourceTree = "<group>"; };
		CEE7E464277B360900DA6E5D /* AddEditProfileViewController.swift */ = {isa = PBXFileReference; lastKnownFileType = sourcecode.swift; path = AddEditProfileViewController.swift; sourceTree = "<group>"; };
		CEE7E466277B3A1C00DA6E5D /* ProfileService.swift */ = {isa = PBXFileReference; lastKnownFileType = sourcecode.swift; path = ProfileService.swift; sourceTree = "<group>"; };
/* End PBXFileReference section */

/* Begin PBXFrameworksBuildPhase section */
		CEB91AA2276DF22F00D7ECDA /* Frameworks */ = {
			isa = PBXFrameworksBuildPhase;
			buildActionMask = 2147483647;
			files = (
				CE879C922773D60C00A7E1B9 /* SQLite in Frameworks */,
			);
			runOnlyForDeploymentPostprocessing = 0;
		};
/* End PBXFrameworksBuildPhase section */

/* Begin PBXGroup section */
		CE064C8D2775FB3A00591F43 /* Helpers */ = {
			isa = PBXGroup;
			children = (
				CE064C8E2775FCC000591F43 /* Validator.swift */,
			);
			path = Helpers;
			sourceTree = "<group>";
		};
		CE72138A27736EA700BE19B4 /* Services */ = {
			isa = PBXGroup;
			children = (
				CE72138B27736F7400BE19B4 /* UserService.swift */,
				CE879C932773D69700A7E1B9 /* SQLManager.swift */,
				CEE7E466277B3A1C00DA6E5D /* ProfileService.swift */,
			);
			path = Services;
			sourceTree = "<group>";
		};
		CE8162E92770C8A1001FFA07 /* ViewControllers */ = {
			isa = PBXGroup;
			children = (
				CE2767C22779F1E70009C45C /* LoginNavigationController.swift */,
				CE8162EA2770C925001FFA07 /* SignInViewController.swift */,
				CE8162EC2770C9B2001FFA07 /* SignUpViewController.swift */,
				CE2767C42779FE8F0009C45C /* AutorizedNavigationController.swift */,
				CE3C4DFD277A4F13009D8D0A /* MainListViewController.swift */,
				CEE7E464277B360900DA6E5D /* AddEditProfileViewController.swift */,
			);
			path = ViewControllers;
			sourceTree = "<group>";
		};
		CE8162EE2770C9E6001FFA07 /* Views */ = {
			isa = PBXGroup;
			children = (
				CEB91AAE276DF22F00D7ECDA /* Main.storyboard */,
			);
			path = Views;
			sourceTree = "<group>";
		};
		CEB91A9C276DF22F00D7ECDA = {
			isa = PBXGroup;
			children = (
				CEB91AA7276DF22F00D7ECDA /* ProfileBook */,
				CEB91AA6276DF22F00D7ECDA /* Products */,
			);
			sourceTree = "<group>";
		};
		CEB91AA6276DF22F00D7ECDA /* Products */ = {
			isa = PBXGroup;
			children = (
				CEB91AA5276DF22F00D7ECDA /* ProfileBook.app */,
			);
			name = Products;
			sourceTree = "<group>";
		};
		CEB91AA7276DF22F00D7ECDA /* ProfileBook */ = {
			isa = PBXGroup;
			children = (
				CE064C8D2775FB3A00591F43 /* Helpers */,
				CE72138A27736EA700BE19B4 /* Services */,
				CE8162EE2770C9E6001FFA07 /* Views */,
				CE8162E92770C8A1001FFA07 /* ViewControllers */,
				CEC976E027706FDB00F4269D /* Models */,
				CEB91AA8276DF22F00D7ECDA /* AppDelegate.swift */,
				CEB91AAA276DF22F00D7ECDA /* SceneDelegate.swift */,
				CEB91AAC276DF22F00D7ECDA /* ViewController.swift */,
				CEB91AB1276DF23000D7ECDA /* Assets.xcassets */,
				CEB91AB3276DF23000D7ECDA /* LaunchScreen.storyboard */,
				CEB91AB6276DF23000D7ECDA /* Info.plist */,
			);
			path = ProfileBook;
			sourceTree = "<group>";
		};
		CEC976E027706FDB00F4269D /* Models */ = {
			isa = PBXGroup;
			children = (
				CEC976E12770703300F4269D /* UserModel.swift */,
				CEC976E82770729B00F4269D /* ProfileModel.swift */,
			);
			path = Models;
			sourceTree = "<group>";
		};
/* End PBXGroup section */

/* Begin PBXNativeTarget section */
		CEB91AA4276DF22F00D7ECDA /* ProfileBook */ = {
			isa = PBXNativeTarget;
			buildConfigurationList = CEB91AB9276DF23000D7ECDA /* Build configuration list for PBXNativeTarget "ProfileBook" */;
			buildPhases = (
				CEB91AA1276DF22F00D7ECDA /* Sources */,
				CEB91AA2276DF22F00D7ECDA /* Frameworks */,
				CEB91AA3276DF22F00D7ECDA /* Resources */,
			);
			buildRules = (
			);
			dependencies = (
			);
			name = ProfileBook;
			packageProductDependencies = (
				CE879C912773D60C00A7E1B9 /* SQLite */,
			);
			productName = ProfileBook;
			productReference = CEB91AA5276DF22F00D7ECDA /* ProfileBook.app */;
			productType = "com.apple.product-type.application";
		};
/* End PBXNativeTarget section */

/* Begin PBXProject section */
		CEB91A9D276DF22F00D7ECDA /* Project object */ = {
			isa = PBXProject;
			attributes = {
				BuildIndependentTargetsInParallel = 1;
				LastSwiftUpdateCheck = 1320;
				LastUpgradeCheck = 1320;
				TargetAttributes = {
					CEB91AA4276DF22F00D7ECDA = {
						CreatedOnToolsVersion = 13.2;
					};
				};
			};
			buildConfigurationList = CEB91AA0276DF22F00D7ECDA /* Build configuration list for PBXProject "ProfileBook" */;
			compatibilityVersion = "Xcode 13.0";
			developmentRegion = en;
			hasScannedForEncodings = 0;
			knownRegions = (
				en,
				Base,
			);
			mainGroup = CEB91A9C276DF22F00D7ECDA;
			packageReferences = (
				CE879C902773D60C00A7E1B9 /* XCRemoteSwiftPackageReference "SQLite.swift" */,
			);
			productRefGroup = CEB91AA6276DF22F00D7ECDA /* Products */;
			projectDirPath = "";
			projectRoot = "";
			targets = (
				CEB91AA4276DF22F00D7ECDA /* ProfileBook */,
			);
		};
/* End PBXProject section */

/* Begin PBXResourcesBuildPhase section */
		CEB91AA3276DF22F00D7ECDA /* Resources */ = {
			isa = PBXResourcesBuildPhase;
			buildActionMask = 2147483647;
			files = (
				CEB91AB5276DF23000D7ECDA /* LaunchScreen.storyboard in Resources */,
				CEB91AB2276DF23000D7ECDA /* Assets.xcassets in Resources */,
				CEB91AB0276DF22F00D7ECDA /* Main.storyboard in Resources */,
			);
			runOnlyForDeploymentPostprocessing = 0;
		};
/* End PBXResourcesBuildPhase section */

/* Begin PBXSourcesBuildPhase section */
		CEB91AA1276DF22F00D7ECDA /* Sources */ = {
			isa = PBXSourcesBuildPhase;
			buildActionMask = 2147483647;
			files = (
				CE72138C27736F7400BE19B4 /* UserService.swift in Sources */,
				CE3C4DFE277A4F13009D8D0A /* MainListViewController.swift in Sources */,
				CE2767C52779FE8F0009C45C /* AutorizedNavigationController.swift in Sources */,
				CEC976E22770703300F4269D /* UserModel.swift in Sources */,
				CE064C8F2775FCC000591F43 /* Validator.swift in Sources */,
				CE2767C32779F1E70009C45C /* LoginNavigationController.swift in Sources */,
				CE8162ED2770C9B2001FFA07 /* SignUpViewController.swift in Sources */,
				CEC976E92770729B00F4269D /* ProfileModel.swift in Sources */,
				CE8162EB2770C925001FFA07 /* SignInViewController.swift in Sources */,
				CEB91AAD276DF22F00D7ECDA /* ViewController.swift in Sources */,
				CEE7E465277B360900DA6E5D /* AddEditProfileViewController.swift in Sources */,
				CE879C942773D69700A7E1B9 /* SQLManager.swift in Sources */,
				CEB91AA9276DF22F00D7ECDA /* AppDelegate.swift in Sources */,
				CEB91AAB276DF22F00D7ECDA /* SceneDelegate.swift in Sources */,
				CEE7E467277B3A1C00DA6E5D /* ProfileService.swift in Sources */,
			);
			runOnlyForDeploymentPostprocessing = 0;
		};
/* End PBXSourcesBuildPhase section */

/* Begin PBXVariantGroup section */
		CEB91AAE276DF22F00D7ECDA /* Main.storyboard */ = {
			isa = PBXVariantGroup;
			children = (
				CEB91AAF276DF22F00D7ECDA /* Base */,
			);
			name = Main.storyboard;
			sourceTree = "<group>";
		};
		CEB91AB3276DF23000D7ECDA /* LaunchScreen.storyboard */ = {
			isa = PBXVariantGroup;
			children = (
				CEB91AB4276DF23000D7ECDA /* Base */,
			);
			name = LaunchScreen.storyboard;
			sourceTree = "<group>";
		};
/* End PBXVariantGroup section */

/* Begin XCBuildConfiguration section */
		CEB91AB7276DF23000D7ECDA /* Debug */ = {
			isa = XCBuildConfiguration;
			buildSettings = {
				ALWAYS_SEARCH_USER_PATHS = NO;
				CLANG_ANALYZER_NONNULL = YES;
				CLANG_ANALYZER_NUMBER_OBJECT_CONVERSION = YES_AGGRESSIVE;
				CLANG_CXX_LANGUAGE_STANDARD = "gnu++17";
				CLANG_CXX_LIBRARY = "libc++";
				CLANG_ENABLE_MODULES = YES;
				CLANG_ENABLE_OBJC_ARC = YES;
				CLANG_ENABLE_OBJC_WEAK = YES;
				CLANG_WARN_BLOCK_CAPTURE_AUTORELEASING = YES;
				CLANG_WARN_BOOL_CONVERSION = YES;
				CLANG_WARN_COMMA = YES;
				CLANG_WARN_CONSTANT_CONVERSION = YES;
				CLANG_WARN_DEPRECATED_OBJC_IMPLEMENTATIONS = YES;
				CLANG_WARN_DIRECT_OBJC_ISA_USAGE = YES_ERROR;
				CLANG_WARN_DOCUMENTATION_COMMENTS = YES;
				CLANG_WARN_EMPTY_BODY = YES;
				CLANG_WARN_ENUM_CONVERSION = YES;
				CLANG_WARN_INFINITE_RECURSION = YES;
				CLANG_WARN_INT_CONVERSION = YES;
				CLANG_WARN_NON_LITERAL_NULL_CONVERSION = YES;
				CLANG_WARN_OBJC_IMPLICIT_RETAIN_SELF = YES;
				CLANG_WARN_OBJC_LITERAL_CONVERSION = YES;
				CLANG_WARN_OBJC_ROOT_CLASS = YES_ERROR;
				CLANG_WARN_QUOTED_INCLUDE_IN_FRAMEWORK_HEADER = YES;
				CLANG_WARN_RANGE_LOOP_ANALYSIS = YES;
				CLANG_WARN_STRICT_PROTOTYPES = YES;
				CLANG_WARN_SUSPICIOUS_MOVE = YES;
				CLANG_WARN_UNGUARDED_AVAILABILITY = YES_AGGRESSIVE;
				CLANG_WARN_UNREACHABLE_CODE = YES;
				CLANG_WARN__DUPLICATE_METHOD_MATCH = YES;
				COPY_PHASE_STRIP = NO;
				DEBUG_INFORMATION_FORMAT = dwarf;
				ENABLE_STRICT_OBJC_MSGSEND = YES;
				ENABLE_TESTABILITY = YES;
				GCC_C_LANGUAGE_STANDARD = gnu11;
				GCC_DYNAMIC_NO_PIC = NO;
				GCC_NO_COMMON_BLOCKS = YES;
				GCC_OPTIMIZATION_LEVEL = 0;
				GCC_PREPROCESSOR_DEFINITIONS = (
					"DEBUG=1",
					"$(inherited)",
				);
				GCC_WARN_64_TO_32_BIT_CONVERSION = YES;
				GCC_WARN_ABOUT_RETURN_TYPE = YES_ERROR;
				GCC_WARN_UNDECLARED_SELECTOR = YES;
				GCC_WARN_UNINITIALIZED_AUTOS = YES_AGGRESSIVE;
				GCC_WARN_UNUSED_FUNCTION = YES;
				GCC_WARN_UNUSED_VARIABLE = YES;
				IPHONEOS_DEPLOYMENT_TARGET = 15.2;
				MTL_ENABLE_DEBUG_INFO = INCLUDE_SOURCE;
				MTL_FAST_MATH = YES;
				ONLY_ACTIVE_ARCH = YES;
				SDKROOT = iphoneos;
				SWIFT_ACTIVE_COMPILATION_CONDITIONS = DEBUG;
				SWIFT_OPTIMIZATION_LEVEL = "-Onone";
			};
			name = Debug;
		};
		CEB91AB8276DF23000D7ECDA /* Release */ = {
			isa = XCBuildConfiguration;
			buildSettings = {
				ALWAYS_SEARCH_USER_PATHS = NO;
				CLANG_ANALYZER_NONNULL = YES;
				CLANG_ANALYZER_NUMBER_OBJECT_CONVERSION = YES_AGGRESSIVE;
				CLANG_CXX_LANGUAGE_STANDARD = "gnu++17";
				CLANG_CXX_LIBRARY = "libc++";
				CLANG_ENABLE_MODULES = YES;
				CLANG_ENABLE_OBJC_ARC = YES;
				CLANG_ENABLE_OBJC_WEAK = YES;
				CLANG_WARN_BLOCK_CAPTURE_AUTORELEASING = YES;
				CLANG_WARN_BOOL_CONVERSION = YES;
				CLANG_WARN_COMMA = YES;
				CLANG_WARN_CONSTANT_CONVERSION = YES;
				CLANG_WARN_DEPRECATED_OBJC_IMPLEMENTATIONS = YES;
				CLANG_WARN_DIRECT_OBJC_ISA_USAGE = YES_ERROR;
				CLANG_WARN_DOCUMENTATION_COMMENTS = YES;
				CLANG_WARN_EMPTY_BODY = YES;
				CLANG_WARN_ENUM_CONVERSION = YES;
				CLANG_WARN_INFINITE_RECURSION = YES;
				CLANG_WARN_INT_CONVERSION = YES;
				CLANG_WARN_NON_LITERAL_NULL_CONVERSION = YES;
				CLANG_WARN_OBJC_IMPLICIT_RETAIN_SELF = YES;
				CLANG_WARN_OBJC_LITERAL_CONVERSION = YES;
				CLANG_WARN_OBJC_ROOT_CLASS = YES_ERROR;
				CLANG_WARN_QUOTED_INCLUDE_IN_FRAMEWORK_HEADER = YES;
				CLANG_WARN_RANGE_LOOP_ANALYSIS = YES;
				CLANG_WARN_STRICT_PROTOTYPES = YES;
				CLANG_WARN_SUSPICIOUS_MOVE = YES;
				CLANG_WARN_UNGUARDED_AVAILABILITY = YES_AGGRESSIVE;
				CLANG_WARN_UNREACHABLE_CODE = YES;
				CLANG_WARN__DUPLICATE_METHOD_MATCH = YES;
				COPY_PHASE_STRIP = NO;
				DEBUG_INFORMATION_FORMAT = "dwarf-with-dsym";
				ENABLE_NS_ASSERTIONS = NO;
				ENABLE_STRICT_OBJC_MSGSEND = YES;
				GCC_C_LANGUAGE_STANDARD = gnu11;
				GCC_NO_COMMON_BLOCKS = YES;
				GCC_WARN_64_TO_32_BIT_CONVERSION = YES;
				GCC_WARN_ABOUT_RETURN_TYPE = YES_ERROR;
				GCC_WARN_UNDECLARED_SELECTOR = YES;
				GCC_WARN_UNINITIALIZED_AUTOS = YES_AGGRESSIVE;
				GCC_WARN_UNUSED_FUNCTION = YES;
				GCC_WARN_UNUSED_VARIABLE = YES;
				IPHONEOS_DEPLOYMENT_TARGET = 15.2;
				MTL_ENABLE_DEBUG_INFO = NO;
				MTL_FAST_MATH = YES;
				SDKROOT = iphoneos;
				SWIFT_COMPILATION_MODE = wholemodule;
				SWIFT_OPTIMIZATION_LEVEL = "-O";
				VALIDATE_PRODUCT = YES;
			};
			name = Release;
		};
		CEB91ABA276DF23000D7ECDA /* Debug */ = {
			isa = XCBuildConfiguration;
			buildSettings = {
				ASSETCATALOG_COMPILER_APPICON_NAME = AppIcon;
				ASSETCATALOG_COMPILER_GLOBAL_ACCENT_COLOR_NAME = AccentColor;
				CODE_SIGN_STYLE = Automatic;
				CURRENT_PROJECT_VERSION = 1;
				GENERATE_INFOPLIST_FILE = YES;
				INFOPLIST_FILE = ProfileBook/Info.plist;
				INFOPLIST_KEY_UIApplicationSupportsIndirectInputEvents = YES;
				INFOPLIST_KEY_UILaunchStoryboardName = LaunchScreen;
				INFOPLIST_KEY_UIMainStoryboardFile = Main;
				INFOPLIST_KEY_UISupportedInterfaceOrientations_iPad = "UIInterfaceOrientationPortrait UIInterfaceOrientationPortraitUpsideDown UIInterfaceOrientationLandscapeLeft UIInterfaceOrientationLandscapeRight";
				INFOPLIST_KEY_UISupportedInterfaceOrientations_iPhone = "UIInterfaceOrientationPortrait UIInterfaceOrientationLandscapeLeft UIInterfaceOrientationLandscapeRight";
				LD_RUNPATH_SEARCH_PATHS = (
					"$(inherited)",
					"@executable_path/Frameworks",
				);
				MARKETING_VERSION = 1.0;
				PRODUCT_BUNDLE_IDENTIFIER = netu.ProfileBook;
				PRODUCT_NAME = "$(TARGET_NAME)";
				SWIFT_EMIT_LOC_STRINGS = YES;
				SWIFT_VERSION = 5.0;
				TARGETED_DEVICE_FAMILY = "1,2";
			};
			name = Debug;
		};
		CEB91ABB276DF23000D7ECDA /* Release */ = {
			isa = XCBuildConfiguration;
			buildSettings = {
				ASSETCATALOG_COMPILER_APPICON_NAME = AppIcon;
				ASSETCATALOG_COMPILER_GLOBAL_ACCENT_COLOR_NAME = AccentColor;
				CODE_SIGN_STYLE = Automatic;
				CURRENT_PROJECT_VERSION = 1;
				GENERATE_INFOPLIST_FILE = YES;
				INFOPLIST_FILE = ProfileBook/Info.plist;
				INFOPLIST_KEY_UIApplicationSupportsIndirectInputEvents = YES;
				INFOPLIST_KEY_UILaunchStoryboardName = LaunchScreen;
				INFOPLIST_KEY_UIMainStoryboardFile = Main;
				INFOPLIST_KEY_UISupportedInterfaceOrientations_iPad = "UIInterfaceOrientationPortrait UIInterfaceOrientationPortraitUpsideDown UIInterfaceOrientationLandscapeLeft UIInterfaceOrientationLandscapeRight";
				INFOPLIST_KEY_UISupportedInterfaceOrientations_iPhone = "UIInterfaceOrientationPortrait UIInterfaceOrientationLandscapeLeft UIInterfaceOrientationLandscapeRight";
				LD_RUNPATH_SEARCH_PATHS = (
					"$(inherited)",
					"@executable_path/Frameworks",
				);
				MARKETING_VERSION = 1.0;
				PRODUCT_BUNDLE_IDENTIFIER = netu.ProfileBook;
				PRODUCT_NAME = "$(TARGET_NAME)";
				SWIFT_EMIT_LOC_STRINGS = YES;
				SWIFT_VERSION = 5.0;
				TARGETED_DEVICE_FAMILY = "1,2";
			};
			name = Release;
		};
/* End XCBuildConfiguration section */

/* Begin XCConfigurationList section */
		CEB91AA0276DF22F00D7ECDA /* Build configuration list for PBXProject "ProfileBook" */ = {
			isa = XCConfigurationList;
			buildConfigurations = (
				CEB91AB7276DF23000D7ECDA /* Debug */,
				CEB91AB8276DF23000D7ECDA /* Release */,
			);
			defaultConfigurationIsVisible = 0;
			defaultConfigurationName = Release;
		};
		CEB91AB9276DF23000D7ECDA /* Build configuration list for PBXNativeTarget "ProfileBook" */ = {
			isa = XCConfigurationList;
			buildConfigurations = (
				CEB91ABA276DF23000D7ECDA /* Debug */,
				CEB91ABB276DF23000D7ECDA /* Release */,
			);
			defaultConfigurationIsVisible = 0;
			defaultConfigurationName = Release;
		};
/* End XCConfigurationList section */

/* Begin XCRemoteSwiftPackageReference section */
		CE879C902773D60C00A7E1B9 /* XCRemoteSwiftPackageReference "SQLite.swift" */ = {
			isa = XCRemoteSwiftPackageReference;
			repositoryURL = "https://github.com/stephencelis/SQLite.swift.git";
			requirement = {
				branch = master;
				kind = branch;
			};
		};
/* End XCRemoteSwiftPackageReference section */

/* Begin XCSwiftPackageProductDependency section */
		CE879C912773D60C00A7E1B9 /* SQLite */ = {
			isa = XCSwiftPackageProductDependency;
			package = CE879C902773D60C00A7E1B9 /* XCRemoteSwiftPackageReference "SQLite.swift" */;
			productName = SQLite;
		};
/* End XCSwiftPackageProductDependency section */
	};
	rootObject = CEB91A9D276DF22F00D7ECDA /* Project object */;
}
